<?xml version="1.0" encoding="utf-8"?>
<Project ToolsVersion="4.0" xmlns="http://schemas.microsoft.com/developer/msbuild/2003">
  <ItemGroup>
    <Filter Include="소스 파일">
      <UniqueIdentifier>{4FC737F1-C7A5-4376-A066-2A32D752A2FF}</UniqueIdentifier>
      <Extensions>cpp;c;cc;cxx;c++;cppm;ixx;def;odl;idl;hpj;bat;asm;asmx</Extensions>
    </Filter>
    <Filter Include="Shader">
      <UniqueIdentifier>{df91c90e-c878-4153-b9ae-8b4159157940}</UniqueIdentifier>
    </Filter>
    <Filter Include="소스 파일\ReadObj">
      <UniqueIdentifier>{a95051b0-4614-443b-973e-e3128ee08ed4}</UniqueIdentifier>
    </Filter>
    <Filter Include="소스 파일\00.GameObject">
      <UniqueIdentifier>{f04cd77b-29ad-4da2-9ad2-68f67561b7e2}</UniqueIdentifier>
    </Filter>
    <Filter Include="소스 파일\00.GameObject\00.Player">
      <UniqueIdentifier>{134ec899-1200-4839-8dbf-ecf09bef3b65}</UniqueIdentifier>
    </Filter>
    <Filter Include="소스 파일\99.Header">
      <UniqueIdentifier>{199fd925-926e-432e-9e91-6dae7514c6ae}</UniqueIdentifier>
    </Filter>
    <Filter Include="소스 파일\98.Default">
      <UniqueIdentifier>{195618d4-7bb3-46f8-8167-304ae42bda26}</UniqueIdentifier>
    </Filter>
    <Filter Include="FileToOut">
      <UniqueIdentifier>{32877674-3599-410c-90fb-8b16a63d9c9b}</UniqueIdentifier>
    </Filter>
    <Filter Include="소스 파일\00.GameObject\01.Monster">
      <UniqueIdentifier>{4c9d2fa5-f47c-43ab-bd66-6ae52bc48b4a}</UniqueIdentifier>
    </Filter>
    <Filter Include="소스 파일\00.GameObject\01.Monster\00.FixMonster">
      <UniqueIdentifier>{625368c6-6a61-4e3c-88f1-d50fc5a95d2c}</UniqueIdentifier>
    </Filter>
  </ItemGroup>
  <ItemGroup>
    <None Include="fragment.glsl">
      <Filter>Shader</Filter>
    </None>
    <None Include="vertex.glsl">
      <Filter>Shader</Filter>
    </None>
    <None Include="Shader\fragmentBlendShader.glsl">
      <Filter>Shader</Filter>
    </None>
    <None Include="Shader\VertexTextureShader.glsl">
      <Filter>Shader</Filter>
    </None>
  </ItemGroup>
  <ItemGroup>
    <ClCompile Include="main.cpp">
      <Filter>소스 파일</Filter>
    </ClCompile>
    <ClCompile Include="readobj.cpp">
      <Filter>소스 파일\ReadObj</Filter>
    </ClCompile>
    <ClCompile Include="CGameObject.cpp">
      <Filter>소스 파일\00.GameObject</Filter>
    </ClCompile>
    <ClCompile Include="CPlayer.cpp">
      <Filter>소스 파일\00.GameObject\00.Player</Filter>
    </ClCompile>
    <ClCompile Include="stdafx.cpp">
      <Filter>소스 파일\98.Default</Filter>
    </ClCompile>
    <ClCompile Include="filetobuf.cpp">
      <Filter>FileToOut</Filter>
    </ClCompile>
    <ClCompile Include="FixMonster.cpp">
      <Filter>소스 파일\00.GameObject\01.Monster\00.FixMonster</Filter>
    </ClCompile>
  </ItemGroup>
  <ItemGroup>
    <ClInclude Include="readobj.h">
      <Filter>소스 파일\ReadObj</Filter>
    </ClInclude>
    <ClInclude Include="CGameObject.h">
      <Filter>소스 파일\00.GameObject</Filter>
    </ClInclude>
    <ClInclude Include="CPlayer.h">
      <Filter>소스 파일\00.GameObject\00.Player</Filter>
    </ClInclude>
    <ClInclude Include="stdafx.h">
      <Filter>소스 파일\99.Header</Filter>
    </ClInclude>
    <ClInclude Include="extern.h">
      <Filter>소스 파일\99.Header</Filter>
    </ClInclude>
    <ClInclude Include="filetobuf.h">
      <Filter>FileToOut</Filter>
    </ClInclude>
    <ClInclude Include="MakeShader.h">
      <Filter>소스 파일\99.Header</Filter>
    </ClInclude>
    <ClInclude Include="stb_image.h">
      <Filter>소스 파일\99.Header</Filter>
    </ClInclude>
    <ClInclude Include="FixMonster.h">
      <Filter>소스 파일\00.GameObject\01.Monster\00.FixMonster</Filter>
    </ClInclude>
  </ItemGroup>
</Project>